// !$*UTF8*$!
{
	archiveVersion = 1;
	classes = {
	};
	objectVersion = 46;
	objects = {

/* Begin PBXBuildFile section */
		52A7A5461EE8FCE3003EE9DC /* AppDelegate.swift in Sources */ = {isa = PBXBuildFile; fileRef = 52A7A5451EE8FCE3003EE9DC /* AppDelegate.swift */; };
		52A7A5481EE8FCE3003EE9DC /* ViewController.swift in Sources */ = {isa = PBXBuildFile; fileRef = 52A7A5471EE8FCE3003EE9DC /* ViewController.swift */; };
		52A7A54B1EE8FCE3003EE9DC /* Main.storyboard in Resources */ = {isa = PBXBuildFile; fileRef = 52A7A5491EE8FCE3003EE9DC /* Main.storyboard */; };
		52A7A54D1EE8FCE3003EE9DC /* Assets.xcassets in Resources */ = {isa = PBXBuildFile; fileRef = 52A7A54C1EE8FCE3003EE9DC /* Assets.xcassets */; };
		52A7A5501EE8FCE3003EE9DC /* LaunchScreen.storyboard in Resources */ = {isa = PBXBuildFile; fileRef = 52A7A54E1EE8FCE3003EE9DC /* LaunchScreen.storyboard */; };
		52A7A5581EE8FF5B003EE9DC /* image1.png in Resources */ = {isa = PBXBuildFile; fileRef = 52A7A5571EE8FF5B003EE9DC /* image1.png */; };
		52A7A55A1EE8FF6B003EE9DC /* image2.png in Resources */ = {isa = PBXBuildFile; fileRef = 52A7A5591EE8FF6B003EE9DC /* image2.png */; };
		52A7A55C1EE8FF70003EE9DC /* image3.png in Resources */ = {isa = PBXBuildFile; fileRef = 52A7A55B1EE8FF70003EE9DC /* image3.png */; };
		52A7A55E1EE91E01003EE9DC /* DetailViewController.swift in Sources */ = {isa = PBXBuildFile; fileRef = 52A7A55D1EE91E01003EE9DC /* DetailViewController.swift */; };
/* End PBXBuildFile section */

/* Begin PBXFileReference section */
		52A7A5421EE8FCE3003EE9DC /* SlideshowApp.app */ = {isa = PBXFileReference; explicitFileType = wrapper.application; includeInIndex = 0; path = SlideshowApp.app; sourceTree = BUILT_PRODUCTS_DIR; };
		52A7A5451EE8FCE3003EE9DC /* AppDelegate.swift */ = {isa = PBXFileReference; lastKnownFileType = sourcecode.swift; path = AppDelegate.swift; sourceTree = "<group>"; };
		52A7A5471EE8FCE3003EE9DC /* ViewController.swift */ = {isa = PBXFileReference; lastKnownFileType = sourcecode.swift; path = ViewController.swift; sourceTree = "<group>"; };
		52A7A54A1EE8FCE3003EE9DC /* Base */ = {isa = PBXFileReference; lastKnownFileType = file.storyboard; name = Base; path = Base.lproj/Main.storyboard; sourceTree = "<group>"; };
		52A7A54C1EE8FCE3003EE9DC /* Assets.xcassets */ = {isa = PBXFileReference; lastKnownFileType = folder.assetcatalog; path = Assets.xcassets; sourceTree = "<group>"; };
		52A7A54F1EE8FCE3003EE9DC /* Base */ = {isa = PBXFileReference; lastKnownFileType = file.storyboard; name = Base; path = Base.lproj/LaunchScreen.storyboard; sourceTree = "<group>"; };
		52A7A5511EE8FCE3003EE9DC /* Info.plist */ = {isa = PBXFileReference; lastKnownFileType = text.plist.xml; path = Info.plist; sourceTree = "<group>"; };
		52A7A5571EE8FF5B003EE9DC /* image1.png */ = {isa = PBXFileReference; lastKnownFileType = image.png; path = image1.png; sourceTree = "<group>"; };
		52A7A5591EE8FF6B003EE9DC /* image2.png */ = {isa = PBXFileReference; lastKnownFileType = image.png; path = image2.png; sourceTree = "<group>"; };
		52A7A55B1EE8FF70003EE9DC /* image3.png */ = {isa = PBXFileReference; lastKnownFileType = image.png; path = image3.png; sourceTree = "<group>"; };
		52A7A55D1EE91E01003EE9DC /* DetailViewController.swift */ = {isa = PBXFileReference; fileEncoding = 4; lastKnownFileType = sourcecode.swift; path = DetailViewController.swift; sourceTree = "<group>"; };
/* End PBXFileReference section */

/* Begin PBXFrameworksBuildPhase section */
		52A7A53F1EE8FCE3003EE9DC /* Frameworks */ = {
			isa = PBXFrameworksBuildPhase;
			buildActionMask = 2147483647;
			files = (
			);
			runOnlyForDeploymentPostprocessing = 0;
		};
/* End PBXFrameworksBuildPhase section */

/* Begin PBXGroup section */
		52A7A5391EE8FCE3003EE9DC = {
			isa = PBXGroup;
			children = (
				52A7A5441EE8FCE3003EE9DC /* SlideshowApp */,
				52A7A5431EE8FCE3003EE9DC /* Products */,
			);
			sourceTree = "<group>";
		};
		52A7A5431EE8FCE3003EE9DC /* Products */ = {
			isa = PBXGroup;
			children = (
				52A7A5421EE8FCE3003EE9DC /* SlideshowApp.app */,
			);
			name = Products;
			sourceTree = "<group>";
		};
		52A7A5441EE8FCE3003EE9DC /* SlideshowApp */ = {
			isa = PBXGroup;
			children = (
				52A7A5451EE8FCE3003EE9DC /* AppDelegate.swift */,
				52A7A5571EE8FF5B003EE9DC /* image1.png */,
				52A7A5591EE8FF6B003EE9DC /* image2.png */,
				52A7A55B1EE8FF70003EE9DC /* image3.png */,
				52A7A5471EE8FCE3003EE9DC /* ViewController.swift */,
				52A7A5491EE8FCE3003EE9DC /* Main.storyboard */,
				52A7A55D1EE91E01003EE9DC /* DetailViewController.swift */,
				52A7A54C1EE8FCE3003EE9DC /* Assets.xcassets */,
				52A7A54E1EE8FCE3003EE9DC /* LaunchScreen.storyboard */,
				52A7A5511EE8FCE3003EE9DC /* Info.plist */,
			);
			path = SlideshowApp;
			sourceTree = "<group>";
		};
/* End PBXGroup section */

/* Begin PBXNativeTarget section */
		52A7A5411EE8FCE3003EE9DC /* SlideshowApp */ = {
			isa = PBXNativeTarget;
			buildConfigurationList = 52A7A5541EE8FCE3003EE9DC /* Build configuration list for PBXNativeTarget "SlideshowApp" */;
			buildPhases = (
				52A7A53E1EE8FCE3003EE9DC /* Sources */,
				52A7A53F1EE8FCE3003EE9DC /* Frameworks */,
				52A7A5401EE8FCE3003EE9DC /* Resources */,
			);
			buildRules = (
			);
			dependencies = (
			);
			name = SlideshowApp;
			productName = SlideshowApp;
			productReference = 52A7A5421EE8FCE3003EE9DC /* SlideshowApp.app */;
			productType = "com.apple.product-type.application";
		};
/* End PBXNativeTarget section */

/* Begin PBXProject section */
		52A7A53A1EE8FCE3003EE9DC /* Project object */ = {
			isa = PBXProject;
			attributes = {
				LastSwiftUpdateCheck = 0830;
				LastUpgradeCheck = 0830;
				ORGANIZATIONNAME = taichi.komoto;
				TargetAttributes = {
					52A7A5411EE8FCE3003EE9DC = {
						CreatedOnToolsVersion = 8.3.2;
						ProvisioningStyle = Automatic;
					};
				};
			};
			buildConfigurationList = 52A7A53D1EE8FCE3003EE9DC /* Build configuration list for PBXProject "SlideshowApp" */;
			compatibilityVersion = "Xcode 3.2";
			developmentRegion = English;
			hasScannedForEncodings = 0;
			knownRegions = (
				en,
				Base,
			);
			mainGroup = 52A7A5391EE8FCE3003EE9DC;
			productRefGroup = 52A7A5431EE8FCE3003EE9DC /* Products */;
			projectDirPath = "";
			projectRoot = "";
			targets = (
				52A7A5411EE8FCE3003EE9DC /* SlideshowApp */,
			);
		};
/* End PBXProject section */

/* Begin PBXResourcesBuildPhase section */
		52A7A5401EE8FCE3003EE9DC /* Resources */ = {
			isa = PBXResourcesBuildPhase;
			buildActionMask = 2147483647;
			files = (
				52A7A5501EE8FCE3003EE9DC /* LaunchScreen.storyboard in Resources */,
				52A7A55A1EE8FF6B003EE9DC /* image2.png in Resources */,
				52A7A55C1EE8FF70003EE9DC /* image3.png in Resources */,
				52A7A54D1EE8FCE3003EE9DC /* Assets.xcassets in Resources */,
				52A7A5581EE8FF5B003EE9DC /* image1.png in Resources */,
				52A7A54B1EE8FCE3003EE9DC /* Main.storyboard in Resources */,
			);
			runOnlyForDeploymentPostprocessing = 0;
		};
/* End PBXResourcesBuildPhase section */

/* Begin PBXSourcesBuildPhase section */
		52A7A53E1EE8FCE3003EE9DC /* Sources */ = {
			isa = PBXSourcesBuildPhase;
			buildActionMask = 2147483647;
			files = (
				52A7A55E1EE91E01003EE9DC /* DetailViewController.swift in Sources */,
				52A7A5481EE8FCE3003EE9DC /* ViewController.swift in Sources */,
				52A7A5461EE8FCE3003EE9DC /* AppDelegate.swift in Sources */,
			);
			runOnlyForDeploymentPostprocessing = 0;
		};
/* End PBXSourcesBuildPhase section */

/* Begin PBXVariantGroup section */
		52A7A5491EE8FCE3003EE9DC /* Main.storyboard */ = {
			isa = PBXVariantGroup;
			children = (
				52A7A54A1EE8FCE3003EE9DC /* Base */,
			);
			name = Main.storyboard;
			sourceTree = "<group>";
		};
		52A7A54E1EE8FCE3003EE9DC /* LaunchScreen.storyboard */ = {
			isa = PBXVariantGroup;
			children = (
				52A7A54F1EE8FCE3003EE9DC /* Base */,
			);
			name = LaunchScreen.storyboard;
			sourceTree = "<group>";
		};
/* End PBXVariantGroup section */

/* Begin XCBuildConfiguration section */
		52A7A5521EE8FCE3003EE9DC /* Debug */ = {
			isa = XCBuildConfiguration;
			buildSettings = {
				ALWAYS_SEARCH_USER_PATHS = NO;
				CLANG_ANALYZER_NONNULL = YES;
				CLANG_ANALYZER_NUMBER_OBJECT_CONVERSION = YES_AGGRESSIVE;
				CLANG_CXX_LANGUAGE_STANDARD = "gnu++0x";
				CLANG_CXX_LIBRARY = "libc++";
				CLANG_ENABLE_MODULES = YES;
				CLANG_ENABLE_OBJC_ARC = YES;
				CLANG_WARN_BOOL_CONVERSION = YES;
				CLANG_WARN_CONSTANT_CONVERSION = YES;
				CLANG_WARN_DIRECT_OBJC_ISA_USAGE = YES_ERROR;
				CLANG_WARN_DOCUMENTATION_COMMENTS = YES;
				CLANG_WARN_EMPTY_BODY = YES;
				CLANG_WARN_ENUM_CONVERSION = YES;
				CLANG_WARN_INFINITE_RECURSION = YES;
				CLANG_WARN_INT_CONVERSION = YES;
				CLANG_WARN_OBJC_ROOT_CLASS = YES_ERROR;
				CLANG_WARN_SUSPICIOUS_MOVE = YES;
				CLANG_WARN_UNREACHABLE_CODE = YES;
				CLANG_WARN__DUPLICATE_METHOD_MATCH = YES;
				"CODE_SIGN_IDENTITY[sdk=iphoneos*]" = "iPhone Developer";
				COPY_PHASE_STRIP = NO;
				DEBUG_INFORMATION_FORMAT = dwarf;
				ENABLE_STRICT_OBJC_MSGSEND = YES;
				ENABLE_TESTABILITY = YES;
				GCC_C_LANGUAGE_STANDARD = gnu99;
				GCC_DYNAMIC_NO_PIC = NO;
				GCC_NO_COMMON_BLOCKS = YES;
				GCC_OPTIMIZATION_LEVEL = 0;
				GCC_PREPROCESSOR_DEFINITIONS = (
					"DEBUG=1",
					"$(inherited)",
				);
				GCC_WARN_64_TO_32_BIT_CONVERSION = YES;
				GCC_WARN_ABOUT_RETURN_TYPE = YES_ERROR;
				GCC_WARN_UNDECLARED_SELECTOR = YES;
				GCC_WARN_UNINITIALIZED_AUTOS = YES_AGGRESSIVE;
				GCC_WARN_UNUSED_FUNCTION = YES;
				GCC_WARN_UNUSED_VARIABLE = YES;
				IPHONEOS_DEPLOYMENT_TARGET = 10.3;
				MTL_ENABLE_DEBUG_INFO = YES;
				ONLY_ACTIVE_ARCH = YES;
				SDKROOT = iphoneos;
				SWIFT_ACTIVE_COMPILATION_CONDITIONS = DEBUG;
				SWIFT_OPTIMIZATION_LEVEL = "-Onone";
			};
			name = Debug;
		};
		52A7A5531EE8FCE3003EE9DC /* Release */ = {
			isa = XCBuildConfiguration;
			buildSettings = {
				ALWAYS_SEARCH_USER_PATHS = NO;
				CLANG_ANALYZER_NONNULL = YES;
				CLANG_ANALYZER_NUMBER_OBJECT_CONVERSION = YES_AGGRESSIVE;
				CLANG_CXX_LANGUAGE_STANDARD = "gnu++0x";
				CLANG_CXX_LIBRARY = "libc++";
				CLANG_ENABLE_MODULES = YES;
				CLANG_ENABLE_OBJC_ARC = YES;
				CLANG_WARN_BOOL_CONVERSION = YES;
				CLANG_WARN_CONSTANT_CONVERSION = YES;
				CLANG_WARN_DIRECT_OBJC_ISA_USAGE = YES_ERROR;
				CLANG_WARN_DOCUMENTATION_COMMENTS = YES;
				CLANG_WARN_EMPTY_BODY = YES;
				CLANG_WARN_ENUM_CONVERSION = YES;
				CLANG_WARN_INFINITE_RECURSION = YES;
				CLANG_WARN_INT_CONVERSION = YES;
				CLANG_WARN_OBJC_ROOT_CLASS = YES_ERROR;
				CLANG_WARN_SUSPICIOUS_MOVE = YES;
				CLANG_WARN_UNREACHABLE_CODE = YES;
				CLANG_WARN__DUPLICATE_METHOD_MATCH = YES;
				"CODE_SIGN_IDENTITY[sdk=iphoneos*]" = "iPhone Developer";
				COPY_PHASE_STRIP = NO;
				DEBUG_INFORMATION_FORMAT = "dwarf-with-dsym";
				ENABLE_NS_ASSERTIONS = NO;
				ENABLE_STRICT_OBJC_MSGSEND = YES;
				GCC_C_LANGUAGE_STANDARD = gnu99;
				GCC_NO_COMMON_BLOCKS = YES;
				GCC_WARN_64_TO_32_BIT_CONVERSION = YES;
				GCC_WARN_ABOUT_RETURN_TYPE = YES_ERROR;
				GCC_WARN_UNDECLARED_SELECTOR = YES;
				GCC_WARN_UNINITIALIZED_AUTOS = YES_AGGRESSIVE;
				GCC_WARN_UNUSED_FUNCTION = YES;
				GCC_WARN_UNUSED_VARIABLE = YES;
				IPHONEOS_DEPLOYMENT_TARGET = 10.3;
				MTL_ENABLE_DEBUG_INFO = NO;
				SDKROOT = iphoneos;
				SWIFT_OPTIMIZATION_LEVEL = "-Owholemodule";
				VALIDATE_PRODUCT = YES;
			};
			name = Release;
		};
		52A7A5551EE8FCE3003EE9DC /* Debug */ = {
			isa = XCBuildConfiguration;
			buildSettings = {
				ASSETCATALOG_COMPILER_APPICON_NAME = AppIcon;
				INFOPLIST_FILE = SlideshowApp/Info.plist;
				LD_RUNPATH_SEARCH_PATHS = "$(inherited) @executable_path/Frameworks";
				PRODUCT_BUNDLE_IDENTIFIER = jp.techacademy.taichi.komoto.SlideshowApp;
				PRODUCT_NAME = "$(TARGET_NAME)";
				SWIFT_VERSION = 3.0;
			};
			name = Debug;
		};
		52A7A5561EE8FCE3003EE9DC /* Release */ = {
			isa = XCBuildConfiguration;
			buildSettings = {
				ASSETCATALOG_COMPILER_APPICON_NAME = AppIcon;
				INFOPLIST_FILE = SlideshowApp/Info.plist;
				LD_RUNPATH_SEARCH_PATHS = "$(inherited) @executable_path/Frameworks";
				PRODUCT_BUNDLE_IDENTIFIER = jp.techacademy.taichi.komoto.SlideshowApp;
				PRODUCT_NAME = "$(TARGET_NAME)";
				SWIFT_VERSION = 3.0;
			};
			name = Release;
		};
/* End XCBuildConfiguration section */

/* Begin XCConfigurationList section */
		52A7A53D1EE8FCE3003EE9DC /* Build configuration list for PBXProject "SlideshowApp" */ = {
			isa = XCConfigurationList;
			buildConfigurations = (
				52A7A5521EE8FCE3003EE9DC /* Debug */,
				52A7A5531EE8FCE3003EE9DC /* Release */,
			);
			defaultConfigurationIsVisible = 0;
			defaultConfigurationName = Release;
		};
		52A7A5541EE8FCE3003EE9DC /* Build configuration list for PBXNativeTarget "SlideshowApp" */ = {
			isa = XCConfigurationList;
			buildConfigurations = (
				52A7A5551EE8FCE3003EE9DC /* Debug */,
				52A7A5561EE8FCE3003EE9DC /* Release */,
			);
			defaultConfigurationIsVisible = 0;
		};
/* End XCConfigurationList section */
	};
	rootObject = 52A7A53A1EE8FCE3003EE9DC /* Project object */;
}
